PODS:
  - Apollo (0.7.0):
    - Apollo/Core (= 0.7.0)
  - Apollo/Core (0.7.0)
  - SideMenu (3.0.2)
  - SwiftIcons (2.0.1)

DEPENDENCIES:
  - Apollo (~> 0.7.0)
  - SideMenu
  - SwiftIcons (~> 2.0.1)

SPEC CHECKSUMS:
  Apollo: d6649ac06168660e70c6226c4eadfc0770791ba5
  SideMenu: 8fe957e0f5dcf1a1175c8ba5d47978d4eb2a89da
  SwiftIcons: e475a56ae2c2da40672dbf16061ca5dd5cee7dbb

PODFILE CHECKSUM: c332bcce6a64403a54662329d628f0c5c6d0e41c

COCOAPODS: 1.4.0
